// !$*UTF8*$!
{
	archiveVersion = 1;
	classes = {
	};
	objectVersion = 51;
	objects = {

/* Begin PBXBuildFile section */
		AA283A8B580E1CE6F8B5E63C /* Pods_Finances.framework in Frameworks */ = {isa = PBXBuildFile; fileRef = 1234C6B97AD0A7677315B59F /* Pods_Finances.framework */; };
		DE3E9C8BE9BF79A48074D9FC /* Pods_Finances_FinancesUITests.framework in Frameworks */ = {isa = PBXBuildFile; fileRef = AD801F67AFE5E866183E70B1 /* Pods_Finances_FinancesUITests.framework */; };
		E9194E6625BB4D8600B411A0 /* DetailIndicatorViewController.swift in Sources */ = {isa = PBXBuildFile; fileRef = E9194E6425BB4D8600B411A0 /* DetailIndicatorViewController.swift */; };
		E9194E6725BB4D8600B411A0 /* DetailIndicator.xib in Resources */ = {isa = PBXBuildFile; fileRef = E9194E6525BB4D8600B411A0 /* DetailIndicator.xib */; };
		E9194E6F25BB4FE400B411A0 /* DetailIndicatorViewModel .swift in Sources */ = {isa = PBXBuildFile; fileRef = E9194E6E25BB4FE400B411A0 /* DetailIndicatorViewModel .swift */; };
		E9194E7425BB4FF600B411A0 /* DetailIndicatorViewModelDelegate.swift in Sources */ = {isa = PBXBuildFile; fileRef = E9194E7325BB4FF600B411A0 /* DetailIndicatorViewModelDelegate.swift */; };
		E9194E7925BB501500B411A0 /* DetailIndicatorConfigurator.swift in Sources */ = {isa = PBXBuildFile; fileRef = E9194E7825BB501500B411A0 /* DetailIndicatorConfigurator.swift */; };
		E9194E8C25BB541300B411A0 /* ListCoordinator.swift in Sources */ = {isa = PBXBuildFile; fileRef = E9194E8B25BB541300B411A0 /* ListCoordinator.swift */; };
		E9194E9125BB541E00B411A0 /* ListCoordinatorProtocol.swift in Sources */ = {isa = PBXBuildFile; fileRef = E9194E9025BB541E00B411A0 /* ListCoordinatorProtocol.swift */; };
		E9328BA625BB25780014DAE7 /* ConnectionStatus.swift in Sources */ = {isa = PBXBuildFile; fileRef = E9328BA525BB25780014DAE7 /* ConnectionStatus.swift */; };
		E9328BAF25BB25BF0014DAE7 /* ReachabilityManager.swift in Sources */ = {isa = PBXBuildFile; fileRef = E9328BAE25BB25BF0014DAE7 /* ReachabilityManager.swift */; };
		E9328BBA25BB2B250014DAE7 /* XibName.swift in Sources */ = {isa = PBXBuildFile; fileRef = E9328BB925BB2B250014DAE7 /* XibName.swift */; };
		E9328BEA25BB33DE0014DAE7 /* GenericMessageStatusView.swift in Sources */ = {isa = PBXBuildFile; fileRef = E9328BE925BB33DE0014DAE7 /* GenericMessageStatusView.swift */; };
		E9328BEF25BB33EC0014DAE7 /* GenericMessageStatusView.xib in Resources */ = {isa = PBXBuildFile; fileRef = E9328BEE25BB33EC0014DAE7 /* GenericMessageStatusView.xib */; };
		E9328BF425BB346D0014DAE7 /* Message.swift in Sources */ = {isa = PBXBuildFile; fileRef = E9328BF325BB346D0014DAE7 /* Message.swift */; };
		E9328BFD25BB3B9C0014DAE7 /* IndicatorViewCell.swift in Sources */ = {isa = PBXBuildFile; fileRef = E9328BFB25BB3B9C0014DAE7 /* IndicatorViewCell.swift */; };
		E9328BFE25BB3B9C0014DAE7 /* IndicatorViewCell.xib in Resources */ = {isa = PBXBuildFile; fileRef = E9328BFC25BB3B9C0014DAE7 /* IndicatorViewCell.xib */; };
		E9328C0D25BB3D7D0014DAE7 /* UITableView+RegistrationHelpers.swift in Sources */ = {isa = PBXBuildFile; fileRef = E9328C0C25BB3D7D0014DAE7 /* UITableView+RegistrationHelpers.swift */; };
		E9431BE325BA4222006D5E1A /* AppDelegate.swift in Sources */ = {isa = PBXBuildFile; fileRef = E9431BE225BA4222006D5E1A /* AppDelegate.swift */; };
		E9431BE525BA4222006D5E1A /* SceneDelegate.swift in Sources */ = {isa = PBXBuildFile; fileRef = E9431BE425BA4222006D5E1A /* SceneDelegate.swift */; };
		E9431BED25BA4223006D5E1A /* Finances.xcdatamodeld in Sources */ = {isa = PBXBuildFile; fileRef = E9431BEB25BA4223006D5E1A /* Finances.xcdatamodeld */; };
		E9431BEF25BA422D006D5E1A /* Assets.xcassets in Resources */ = {isa = PBXBuildFile; fileRef = E9431BEE25BA422D006D5E1A /* Assets.xcassets */; };
		E9431BF225BA422D006D5E1A /* LaunchScreen.storyboard in Resources */ = {isa = PBXBuildFile; fileRef = E9431BF025BA422D006D5E1A /* LaunchScreen.storyboard */; };
		E9431BFD25BA422E006D5E1A /* FinancesTests.swift in Sources */ = {isa = PBXBuildFile; fileRef = E9431BFC25BA422E006D5E1A /* FinancesTests.swift */; };
		E9431C0825BA422E006D5E1A /* FinancesUITests.swift in Sources */ = {isa = PBXBuildFile; fileRef = E9431C0725BA422E006D5E1A /* FinancesUITests.swift */; };
		E9431C7125BA7D93006D5E1A /* LoginViewController.swift in Sources */ = {isa = PBXBuildFile; fileRef = E9431C6F25BA7D93006D5E1A /* LoginViewController.swift */; };
		E9431C7225BA7D93006D5E1A /* Login.xib in Resources */ = {isa = PBXBuildFile; fileRef = E9431C7025BA7D93006D5E1A /* Login.xib */; };
		E9431C7725BA7D9F006D5E1A /* LoginViewModel.swift in Sources */ = {isa = PBXBuildFile; fileRef = E9431C7625BA7D9F006D5E1A /* LoginViewModel.swift */; };
		E9431C8925BA801C006D5E1A /* NibLoadableView.swift in Sources */ = {isa = PBXBuildFile; fileRef = E9431C8825BA801C006D5E1A /* NibLoadableView.swift */; };
		E9431C9125BA8037006D5E1A /* NibNameIdentifiable.swift in Sources */ = {isa = PBXBuildFile; fileRef = E9431C9025BA8037006D5E1A /* NibNameIdentifiable.swift */; };
		E9431C9825BA8186006D5E1A /* InputWithIconView.swift in Sources */ = {isa = PBXBuildFile; fileRef = E9431C9725BA8186006D5E1A /* InputWithIconView.swift */; };
		E9431C9D25BA8191006D5E1A /* InputWithIconView.xib in Resources */ = {isa = PBXBuildFile; fileRef = E9431C9C25BA8191006D5E1A /* InputWithIconView.xib */; };
		E9431CA225BA843E006D5E1A /* Colors.xcassets in Resources */ = {isa = PBXBuildFile; fileRef = E9431CA125BA843E006D5E1A /* Colors.xcassets */; };
		E9431CAA25BA8490006D5E1A /* UIColor+Brand.swift in Sources */ = {isa = PBXBuildFile; fileRef = E9431CA925BA8490006D5E1A /* UIColor+Brand.swift */; };
		E9431CAF25BA84D0006D5E1A /* UITableViewCell+RegisterCell.swift in Sources */ = {isa = PBXBuildFile; fileRef = E9431CAE25BA84D0006D5E1A /* UITableViewCell+RegisterCell.swift */; };
		E9431CB425BA84F0006D5E1A /* UITableView+RegisterCell.swift in Sources */ = {isa = PBXBuildFile; fileRef = E9431CB325BA84F0006D5E1A /* UITableView+RegisterCell.swift */; };
		E9431CBA25BA8588006D5E1A /* CustomButton.swift in Sources */ = {isa = PBXBuildFile; fileRef = E9431CB925BA8588006D5E1A /* CustomButton.swift */; };
		E9431CC325BA8753006D5E1A /* AppCoordinator.swift in Sources */ = {isa = PBXBuildFile; fileRef = E9431CC225BA8753006D5E1A /* AppCoordinator.swift */; };
		E9431CDB25BA9359006D5E1A /* LoadUI.swift in Sources */ = {isa = PBXBuildFile; fileRef = E9431CDA25BA9359006D5E1A /* LoadUI.swift */; };
		E9431CE625BA9937006D5E1A /* LoginConfigurator.swift in Sources */ = {isa = PBXBuildFile; fileRef = E9431CE525BA9937006D5E1A /* LoginConfigurator.swift */; };
		E9431CEE25BA9A0E006D5E1A /* LoginViewModelDelegate.swift in Sources */ = {isa = PBXBuildFile; fileRef = E9431CED25BA9A0E006D5E1A /* LoginViewModelDelegate.swift */; };
		E9431CF425BA9B24006D5E1A /* ViewModelProtocol.swift in Sources */ = {isa = PBXBuildFile; fileRef = E9431CF325BA9B24006D5E1A /* ViewModelProtocol.swift */; };
		E9431CF925BA9B3E006D5E1A /* ViewModelDelegate.swift in Sources */ = {isa = PBXBuildFile; fileRef = E9431CF825BA9B3E006D5E1A /* ViewModelDelegate.swift */; };
		E9431D1025BA9CE4006D5E1A /* UIViewController+Alerts.swift in Sources */ = {isa = PBXBuildFile; fileRef = E9431D0F25BA9CE4006D5E1A /* UIViewController+Alerts.swift */; };
		E9431D1725BAA44F006D5E1A /* UserCDManager.swift in Sources */ = {isa = PBXBuildFile; fileRef = E9431D1625BAA44F006D5E1A /* UserCDManager.swift */; };
		E9431D2B25BAA4C0006D5E1A /* UserModel.swift in Sources */ = {isa = PBXBuildFile; fileRef = E9431D2A25BAA4C0006D5E1A /* UserModel.swift */; };
		E9431D4A25BAB2AF006D5E1A /* ListViewController.swift in Sources */ = {isa = PBXBuildFile; fileRef = E9431D4825BAB2AF006D5E1A /* ListViewController.swift */; };
		E9431D4B25BAB2AF006D5E1A /* List.xib in Resources */ = {isa = PBXBuildFile; fileRef = E9431D4925BAB2AF006D5E1A /* List.xib */; };
		E9431D5425BAB525006D5E1A /* LoginCoordinator.swift in Sources */ = {isa = PBXBuildFile; fileRef = E9431D5325BAB525006D5E1A /* LoginCoordinator.swift */; };
		E9431D5C25BAB530006D5E1A /* LoginCoordinatorProtocol.swift in Sources */ = {isa = PBXBuildFile; fileRef = E9431D5B25BAB530006D5E1A /* LoginCoordinatorProtocol.swift */; };
		E9431D6125BAB76F006D5E1A /* ListConfigurator.swift in Sources */ = {isa = PBXBuildFile; fileRef = E9431D6025BAB76F006D5E1A /* ListConfigurator.swift */; };
		E9431D6625BAB80C006D5E1A /* ListViewModel.swift in Sources */ = {isa = PBXBuildFile; fileRef = E9431D6525BAB80C006D5E1A /* ListViewModel.swift */; };
		E9431D6E25BAB992006D5E1A /* ListViewModelDelegate.swift in Sources */ = {isa = PBXBuildFile; fileRef = E9431D6D25BAB992006D5E1A /* ListViewModelDelegate.swift */; };
		E9431D7425BAB9F0006D5E1A /* ViewModelState.swift in Sources */ = {isa = PBXBuildFile; fileRef = E9431D7325BAB9F0006D5E1A /* ViewModelState.swift */; };
		E9431D8E25BABBA1006D5E1A /* Indicator.swift in Sources */ = {isa = PBXBuildFile; fileRef = E9431D8D25BABBA1006D5E1A /* Indicator.swift */; };
		E9431D9325BABC4E006D5E1A /* IndicatorsResponse.swift in Sources */ = {isa = PBXBuildFile; fileRef = E9431D9225BABC4E006D5E1A /* IndicatorsResponse.swift */; };
		E9431D9B25BABDD7006D5E1A /* APIManager.swift in Sources */ = {isa = PBXBuildFile; fileRef = E9431D9A25BABDD7006D5E1A /* APIManager.swift */; };
		E9431DA325BABE57006D5E1A /* RequestService.swift in Sources */ = {isa = PBXBuildFile; fileRef = E9431DA225BABE57006D5E1A /* RequestService.swift */; };
		E9431DA825BABEA9006D5E1A /* Error.swift in Sources */ = {isa = PBXBuildFile; fileRef = E9431DA725BABEA9006D5E1A /* Error.swift */; };
		E9431DB025BABEEC006D5E1A /* IndicatorsService.swift in Sources */ = {isa = PBXBuildFile; fileRef = E9431DAF25BABEEC006D5E1A /* IndicatorsService.swift */; };
		E98C912925BB6BD3006BF9EC /* SessionCDManager.swift in Sources */ = {isa = PBXBuildFile; fileRef = E98C912825BB6BD3006BF9EC /* SessionCDManager.swift */; };
		E98C913125BB6C17006BF9EC /* SessionModel.swift in Sources */ = {isa = PBXBuildFile; fileRef = E98C913025BB6C17006BF9EC /* SessionModel.swift */; };
		F13C6A798F158E3215B8AC7C /* Pods_FinancesTests.framework in Frameworks */ = {isa = PBXBuildFile; fileRef = 0FD0C06F0748C658B202E88D /* Pods_FinancesTests.framework */; };
/* End PBXBuildFile section */

/* Begin PBXContainerItemProxy section */
		E9431BF925BA422E006D5E1A /* PBXContainerItemProxy */ = {
			isa = PBXContainerItemProxy;
			containerPortal = E9431BD725BA4222006D5E1A /* Project object */;
			proxyType = 1;
			remoteGlobalIDString = E9431BDE25BA4222006D5E1A;
			remoteInfo = Finances;
		};
		E9431C0425BA422E006D5E1A /* PBXContainerItemProxy */ = {
			isa = PBXContainerItemProxy;
			containerPortal = E9431BD725BA4222006D5E1A /* Project object */;
			proxyType = 1;
			remoteGlobalIDString = E9431BDE25BA4222006D5E1A;
			remoteInfo = Finances;
		};
/* End PBXContainerItemProxy section */

/* Begin PBXFileReference section */
		0FD0C06F0748C658B202E88D /* Pods_FinancesTests.framework */ = {isa = PBXFileReference; explicitFileType = wrapper.framework; includeInIndex = 0; path = Pods_FinancesTests.framework; sourceTree = BUILT_PRODUCTS_DIR; };
		1234C6B97AD0A7677315B59F /* Pods_Finances.framework */ = {isa = PBXFileReference; explicitFileType = wrapper.framework; includeInIndex = 0; path = Pods_Finances.framework; sourceTree = BUILT_PRODUCTS_DIR; };
		1B04913BFD115862395AACD1 /* Pods-FinancesTests.debug.xcconfig */ = {isa = PBXFileReference; includeInIndex = 1; lastKnownFileType = text.xcconfig; name = "Pods-FinancesTests.debug.xcconfig"; path = "Target Support Files/Pods-FinancesTests/Pods-FinancesTests.debug.xcconfig"; sourceTree = "<group>"; };
		359BB2330653464CC47EC52E /* Pods-FinancesTests.release.xcconfig */ = {isa = PBXFileReference; includeInIndex = 1; lastKnownFileType = text.xcconfig; name = "Pods-FinancesTests.release.xcconfig"; path = "Target Support Files/Pods-FinancesTests/Pods-FinancesTests.release.xcconfig"; sourceTree = "<group>"; };
		35A6EDF028ED151464C37943 /* Pods-Finances.debug.xcconfig */ = {isa = PBXFileReference; includeInIndex = 1; lastKnownFileType = text.xcconfig; name = "Pods-Finances.debug.xcconfig"; path = "Target Support Files/Pods-Finances/Pods-Finances.debug.xcconfig"; sourceTree = "<group>"; };
		8396E955AFE9D838F39BE642 /* Pods-Finances-FinancesUITests.release.xcconfig */ = {isa = PBXFileReference; includeInIndex = 1; lastKnownFileType = text.xcconfig; name = "Pods-Finances-FinancesUITests.release.xcconfig"; path = "Target Support Files/Pods-Finances-FinancesUITests/Pods-Finances-FinancesUITests.release.xcconfig"; sourceTree = "<group>"; };
		AD801F67AFE5E866183E70B1 /* Pods_Finances_FinancesUITests.framework */ = {isa = PBXFileReference; explicitFileType = wrapper.framework; includeInIndex = 0; path = Pods_Finances_FinancesUITests.framework; sourceTree = BUILT_PRODUCTS_DIR; };
		B702396FAF8211AE0C6D3B64 /* Pods-Finances.release.xcconfig */ = {isa = PBXFileReference; includeInIndex = 1; lastKnownFileType = text.xcconfig; name = "Pods-Finances.release.xcconfig"; path = "Target Support Files/Pods-Finances/Pods-Finances.release.xcconfig"; sourceTree = "<group>"; };
		E9194E6425BB4D8600B411A0 /* DetailIndicatorViewController.swift */ = {isa = PBXFileReference; lastKnownFileType = sourcecode.swift; path = DetailIndicatorViewController.swift; sourceTree = "<group>"; };
		E9194E6525BB4D8600B411A0 /* DetailIndicator.xib */ = {isa = PBXFileReference; lastKnownFileType = file.xib; path = DetailIndicator.xib; sourceTree = "<group>"; };
		E9194E6E25BB4FE400B411A0 /* DetailIndicatorViewModel .swift */ = {isa = PBXFileReference; lastKnownFileType = sourcecode.swift; path = "DetailIndicatorViewModel .swift"; sourceTree = "<group>"; };
		E9194E7325BB4FF600B411A0 /* DetailIndicatorViewModelDelegate.swift */ = {isa = PBXFileReference; lastKnownFileType = sourcecode.swift; path = DetailIndicatorViewModelDelegate.swift; sourceTree = "<group>"; };
		E9194E7825BB501500B411A0 /* DetailIndicatorConfigurator.swift */ = {isa = PBXFileReference; lastKnownFileType = sourcecode.swift; path = DetailIndicatorConfigurator.swift; sourceTree = "<group>"; };
		E9194E8B25BB541300B411A0 /* ListCoordinator.swift */ = {isa = PBXFileReference; lastKnownFileType = sourcecode.swift; path = ListCoordinator.swift; sourceTree = "<group>"; };
		E9194E9025BB541E00B411A0 /* ListCoordinatorProtocol.swift */ = {isa = PBXFileReference; lastKnownFileType = sourcecode.swift; path = ListCoordinatorProtocol.swift; sourceTree = "<group>"; };
		E9328BA525BB25780014DAE7 /* ConnectionStatus.swift */ = {isa = PBXFileReference; lastKnownFileType = sourcecode.swift; path = ConnectionStatus.swift; sourceTree = "<group>"; };
		E9328BAE25BB25BF0014DAE7 /* ReachabilityManager.swift */ = {isa = PBXFileReference; lastKnownFileType = sourcecode.swift; path = ReachabilityManager.swift; sourceTree = "<group>"; };
		E9328BB925BB2B250014DAE7 /* XibName.swift */ = {isa = PBXFileReference; lastKnownFileType = sourcecode.swift; path = XibName.swift; sourceTree = "<group>"; };
		E9328BE925BB33DE0014DAE7 /* GenericMessageStatusView.swift */ = {isa = PBXFileReference; lastKnownFileType = sourcecode.swift; path = GenericMessageStatusView.swift; sourceTree = "<group>"; };
		E9328BEE25BB33EC0014DAE7 /* GenericMessageStatusView.xib */ = {isa = PBXFileReference; lastKnownFileType = file.xib; path = GenericMessageStatusView.xib; sourceTree = "<group>"; };
		E9328BF325BB346D0014DAE7 /* Message.swift */ = {isa = PBXFileReference; lastKnownFileType = sourcecode.swift; path = Message.swift; sourceTree = "<group>"; };
		E9328BFB25BB3B9C0014DAE7 /* IndicatorViewCell.swift */ = {isa = PBXFileReference; lastKnownFileType = sourcecode.swift; path = IndicatorViewCell.swift; sourceTree = "<group>"; };
		E9328BFC25BB3B9C0014DAE7 /* IndicatorViewCell.xib */ = {isa = PBXFileReference; lastKnownFileType = file.xib; path = IndicatorViewCell.xib; sourceTree = "<group>"; };
		E9328C0C25BB3D7D0014DAE7 /* UITableView+RegistrationHelpers.swift */ = {isa = PBXFileReference; lastKnownFileType = sourcecode.swift; path = "UITableView+RegistrationHelpers.swift"; sourceTree = "<group>"; };
		E9431BDF25BA4222006D5E1A /* Finances.app */ = {isa = PBXFileReference; explicitFileType = wrapper.application; includeInIndex = 0; path = Finances.app; sourceTree = BUILT_PRODUCTS_DIR; };
		E9431BE225BA4222006D5E1A /* AppDelegate.swift */ = {isa = PBXFileReference; lastKnownFileType = sourcecode.swift; path = AppDelegate.swift; sourceTree = "<group>"; };
		E9431BE425BA4222006D5E1A /* SceneDelegate.swift */ = {isa = PBXFileReference; lastKnownFileType = sourcecode.swift; path = SceneDelegate.swift; sourceTree = "<group>"; };
		E9431BEC25BA4223006D5E1A /* Finances.xcdatamodel */ = {isa = PBXFileReference; lastKnownFileType = wrapper.xcdatamodel; path = Finances.xcdatamodel; sourceTree = "<group>"; };
		E9431BEE25BA422D006D5E1A /* Assets.xcassets */ = {isa = PBXFileReference; lastKnownFileType = folder.assetcatalog; path = Assets.xcassets; sourceTree = "<group>"; };
		E9431BF125BA422D006D5E1A /* Base */ = {isa = PBXFileReference; lastKnownFileType = file.storyboard; name = Base; path = Base.lproj/LaunchScreen.storyboard; sourceTree = "<group>"; };
		E9431BF325BA422D006D5E1A /* Info.plist */ = {isa = PBXFileReference; lastKnownFileType = text.plist.xml; path = Info.plist; sourceTree = "<group>"; };
		E9431BF825BA422E006D5E1A /* FinancesTests.xctest */ = {isa = PBXFileReference; explicitFileType = wrapper.cfbundle; includeInIndex = 0; path = FinancesTests.xctest; sourceTree = BUILT_PRODUCTS_DIR; };
		E9431BFC25BA422E006D5E1A /* FinancesTests.swift */ = {isa = PBXFileReference; lastKnownFileType = sourcecode.swift; path = FinancesTests.swift; sourceTree = "<group>"; };
		E9431BFE25BA422E006D5E1A /* Info.plist */ = {isa = PBXFileReference; lastKnownFileType = text.plist.xml; path = Info.plist; sourceTree = "<group>"; };
		E9431C0325BA422E006D5E1A /* FinancesUITests.xctest */ = {isa = PBXFileReference; explicitFileType = wrapper.cfbundle; includeInIndex = 0; path = FinancesUITests.xctest; sourceTree = BUILT_PRODUCTS_DIR; };
		E9431C0725BA422E006D5E1A /* FinancesUITests.swift */ = {isa = PBXFileReference; lastKnownFileType = sourcecode.swift; path = FinancesUITests.swift; sourceTree = "<group>"; };
		E9431C0925BA422E006D5E1A /* Info.plist */ = {isa = PBXFileReference; lastKnownFileType = text.plist.xml; path = Info.plist; sourceTree = "<group>"; };
		E9431C6F25BA7D93006D5E1A /* LoginViewController.swift */ = {isa = PBXFileReference; lastKnownFileType = sourcecode.swift; path = LoginViewController.swift; sourceTree = "<group>"; };
		E9431C7025BA7D93006D5E1A /* Login.xib */ = {isa = PBXFileReference; lastKnownFileType = file.xib; path = Login.xib; sourceTree = "<group>"; };
		E9431C7625BA7D9F006D5E1A /* LoginViewModel.swift */ = {isa = PBXFileReference; lastKnownFileType = sourcecode.swift; path = LoginViewModel.swift; sourceTree = "<group>"; };
		E9431C8825BA801C006D5E1A /* NibLoadableView.swift */ = {isa = PBXFileReference; lastKnownFileType = sourcecode.swift; path = NibLoadableView.swift; sourceTree = "<group>"; };
		E9431C9025BA8037006D5E1A /* NibNameIdentifiable.swift */ = {isa = PBXFileReference; lastKnownFileType = sourcecode.swift; path = NibNameIdentifiable.swift; sourceTree = "<group>"; };
		E9431C9725BA8186006D5E1A /* InputWithIconView.swift */ = {isa = PBXFileReference; lastKnownFileType = sourcecode.swift; path = InputWithIconView.swift; sourceTree = "<group>"; };
		E9431C9C25BA8191006D5E1A /* InputWithIconView.xib */ = {isa = PBXFileReference; lastKnownFileType = file.xib; path = InputWithIconView.xib; sourceTree = "<group>"; };
		E9431CA125BA843E006D5E1A /* Colors.xcassets */ = {isa = PBXFileReference; lastKnownFileType = folder.assetcatalog; path = Colors.xcassets; sourceTree = "<group>"; };
		E9431CA925BA8490006D5E1A /* UIColor+Brand.swift */ = {isa = PBXFileReference; lastKnownFileType = sourcecode.swift; path = "UIColor+Brand.swift"; sourceTree = "<group>"; };
		E9431CAE25BA84D0006D5E1A /* UITableViewCell+RegisterCell.swift */ = {isa = PBXFileReference; lastKnownFileType = sourcecode.swift; path = "UITableViewCell+RegisterCell.swift"; sourceTree = "<group>"; };
		E9431CB325BA84F0006D5E1A /* UITableView+RegisterCell.swift */ = {isa = PBXFileReference; lastKnownFileType = sourcecode.swift; path = "UITableView+RegisterCell.swift"; sourceTree = "<group>"; };
		E9431CB925BA8588006D5E1A /* CustomButton.swift */ = {isa = PBXFileReference; lastKnownFileType = sourcecode.swift; path = CustomButton.swift; sourceTree = "<group>"; };
		E9431CC225BA8753006D5E1A /* AppCoordinator.swift */ = {isa = PBXFileReference; lastKnownFileType = sourcecode.swift; path = AppCoordinator.swift; sourceTree = "<group>"; };
		E9431CDA25BA9359006D5E1A /* LoadUI.swift */ = {isa = PBXFileReference; lastKnownFileType = sourcecode.swift; path = LoadUI.swift; sourceTree = "<group>"; };
		E9431CE525BA9937006D5E1A /* LoginConfigurator.swift */ = {isa = PBXFileReference; lastKnownFileType = sourcecode.swift; path = LoginConfigurator.swift; sourceTree = "<group>"; };
		E9431CED25BA9A0E006D5E1A /* LoginViewModelDelegate.swift */ = {isa = PBXFileReference; lastKnownFileType = sourcecode.swift; path = LoginViewModelDelegate.swift; sourceTree = "<group>"; };
		E9431CF325BA9B24006D5E1A /* ViewModelProtocol.swift */ = {isa = PBXFileReference; lastKnownFileType = sourcecode.swift; path = ViewModelProtocol.swift; sourceTree = "<group>"; };
		E9431CF825BA9B3E006D5E1A /* ViewModelDelegate.swift */ = {isa = PBXFileReference; lastKnownFileType = sourcecode.swift; path = ViewModelDelegate.swift; sourceTree = "<group>"; };
		E9431D0F25BA9CE4006D5E1A /* UIViewController+Alerts.swift */ = {isa = PBXFileReference; lastKnownFileType = sourcecode.swift; path = "UIViewController+Alerts.swift"; sourceTree = "<group>"; };
		E9431D1625BAA44F006D5E1A /* UserCDManager.swift */ = {isa = PBXFileReference; lastKnownFileType = sourcecode.swift; path = UserCDManager.swift; sourceTree = "<group>"; };
		E9431D2A25BAA4C0006D5E1A /* UserModel.swift */ = {isa = PBXFileReference; lastKnownFileType = sourcecode.swift; path = UserModel.swift; sourceTree = "<group>"; };
		E9431D4825BAB2AF006D5E1A /* ListViewController.swift */ = {isa = PBXFileReference; lastKnownFileType = sourcecode.swift; path = ListViewController.swift; sourceTree = "<group>"; };
		E9431D4925BAB2AF006D5E1A /* List.xib */ = {isa = PBXFileReference; lastKnownFileType = file.xib; path = List.xib; sourceTree = "<group>"; };
		E9431D5325BAB525006D5E1A /* LoginCoordinator.swift */ = {isa = PBXFileReference; lastKnownFileType = sourcecode.swift; path = LoginCoordinator.swift; sourceTree = "<group>"; };
		E9431D5B25BAB530006D5E1A /* LoginCoordinatorProtocol.swift */ = {isa = PBXFileReference; lastKnownFileType = sourcecode.swift; path = LoginCoordinatorProtocol.swift; sourceTree = "<group>"; };
		E9431D6025BAB76F006D5E1A /* ListConfigurator.swift */ = {isa = PBXFileReference; lastKnownFileType = sourcecode.swift; path = ListConfigurator.swift; sourceTree = "<group>"; };
		E9431D6525BAB80C006D5E1A /* ListViewModel.swift */ = {isa = PBXFileReference; lastKnownFileType = sourcecode.swift; path = ListViewModel.swift; sourceTree = "<group>"; };
		E9431D6D25BAB992006D5E1A /* ListViewModelDelegate.swift */ = {isa = PBXFileReference; lastKnownFileType = sourcecode.swift; path = ListViewModelDelegate.swift; sourceTree = "<group>"; };
		E9431D7325BAB9F0006D5E1A /* ViewModelState.swift */ = {isa = PBXFileReference; lastKnownFileType = sourcecode.swift; path = ViewModelState.swift; sourceTree = "<group>"; };
		E9431D8D25BABBA1006D5E1A /* Indicator.swift */ = {isa = PBXFileReference; lastKnownFileType = sourcecode.swift; path = Indicator.swift; sourceTree = "<group>"; };
		E9431D9225BABC4E006D5E1A /* IndicatorsResponse.swift */ = {isa = PBXFileReference; lastKnownFileType = sourcecode.swift; path = IndicatorsResponse.swift; sourceTree = "<group>"; };
		E9431D9A25BABDD7006D5E1A /* APIManager.swift */ = {isa = PBXFileReference; lastKnownFileType = sourcecode.swift; path = APIManager.swift; sourceTree = "<group>"; };
		E9431DA225BABE57006D5E1A /* RequestService.swift */ = {isa = PBXFileReference; lastKnownFileType = sourcecode.swift; path = RequestService.swift; sourceTree = "<group>"; };
		E9431DA725BABEA9006D5E1A /* Error.swift */ = {isa = PBXFileReference; lastKnownFileType = sourcecode.swift; path = Error.swift; sourceTree = "<group>"; };
		E9431DAF25BABEEC006D5E1A /* IndicatorsService.swift */ = {isa = PBXFileReference; lastKnownFileType = sourcecode.swift; path = IndicatorsService.swift; sourceTree = "<group>"; };
		E98C912825BB6BD3006BF9EC /* SessionCDManager.swift */ = {isa = PBXFileReference; lastKnownFileType = sourcecode.swift; path = SessionCDManager.swift; sourceTree = "<group>"; };
		E98C913025BB6C17006BF9EC /* SessionModel.swift */ = {isa = PBXFileReference; lastKnownFileType = sourcecode.swift; path = SessionModel.swift; sourceTree = "<group>"; };
		EEA038403FD9BECE90472C90 /* Pods-Finances-FinancesUITests.debug.xcconfig */ = {isa = PBXFileReference; includeInIndex = 1; lastKnownFileType = text.xcconfig; name = "Pods-Finances-FinancesUITests.debug.xcconfig"; path = "Target Support Files/Pods-Finances-FinancesUITests/Pods-Finances-FinancesUITests.debug.xcconfig"; sourceTree = "<group>"; };
/* End PBXFileReference section */

/* Begin PBXFrameworksBuildPhase section */
		E9431BDC25BA4222006D5E1A /* Frameworks */ = {
			isa = PBXFrameworksBuildPhase;
			buildActionMask = 2147483647;
			files = (
				AA283A8B580E1CE6F8B5E63C /* Pods_Finances.framework in Frameworks */,
			);
			runOnlyForDeploymentPostprocessing = 0;
		};
		E9431BF525BA422E006D5E1A /* Frameworks */ = {
			isa = PBXFrameworksBuildPhase;
			buildActionMask = 2147483647;
			files = (
				F13C6A798F158E3215B8AC7C /* Pods_FinancesTests.framework in Frameworks */,
			);
			runOnlyForDeploymentPostprocessing = 0;
		};
		E9431C0025BA422E006D5E1A /* Frameworks */ = {
			isa = PBXFrameworksBuildPhase;
			buildActionMask = 2147483647;
			files = (
				DE3E9C8BE9BF79A48074D9FC /* Pods_Finances_FinancesUITests.framework in Frameworks */,
			);
			runOnlyForDeploymentPostprocessing = 0;
		};
/* End PBXFrameworksBuildPhase section */

/* Begin PBXGroup section */
		6035EF7B5D2BB683773E740F /* Frameworks */ = {
			isa = PBXGroup;
			children = (
				1234C6B97AD0A7677315B59F /* Pods_Finances.framework */,
				AD801F67AFE5E866183E70B1 /* Pods_Finances_FinancesUITests.framework */,
				0FD0C06F0748C658B202E88D /* Pods_FinancesTests.framework */,
			);
			name = Frameworks;
			sourceTree = "<group>";
		};
		A86D61E89258FFFD8347C09E /* Pods */ = {
			isa = PBXGroup;
			children = (
				35A6EDF028ED151464C37943 /* Pods-Finances.debug.xcconfig */,
				B702396FAF8211AE0C6D3B64 /* Pods-Finances.release.xcconfig */,
				EEA038403FD9BECE90472C90 /* Pods-Finances-FinancesUITests.debug.xcconfig */,
				8396E955AFE9D838F39BE642 /* Pods-Finances-FinancesUITests.release.xcconfig */,
				1B04913BFD115862395AACD1 /* Pods-FinancesTests.debug.xcconfig */,
				359BB2330653464CC47EC52E /* Pods-FinancesTests.release.xcconfig */,
			);
			path = Pods;
			sourceTree = "<group>";
		};
		E9194E6325BB4D5900B411A0 /* Detail */ = {
			isa = PBXGroup;
			children = (
				E9194E6525BB4D8600B411A0 /* DetailIndicator.xib */,
				E9194E7825BB501500B411A0 /* DetailIndicatorConfigurator.swift */,
				E9194E6425BB4D8600B411A0 /* DetailIndicatorViewController.swift */,
				E9194E6E25BB4FE400B411A0 /* DetailIndicatorViewModel .swift */,
				E9194E7325BB4FF600B411A0 /* DetailIndicatorViewModelDelegate.swift */,
			);
			path = Detail;
			sourceTree = "<group>";
		};
		E9194E8A25BB540400B411A0 /* List */ = {
			isa = PBXGroup;
			children = (
				E9194E8B25BB541300B411A0 /* ListCoordinator.swift */,
				E9194E9025BB541E00B411A0 /* ListCoordinatorProtocol.swift */,
			);
			path = List;
			sourceTree = "<group>";
		};
		E9328BA425BB25680014DAE7 /* Enums */ = {
			isa = PBXGroup;
			children = (
				E9328BA525BB25780014DAE7 /* ConnectionStatus.swift */,
				E9431D7325BAB9F0006D5E1A /* ViewModelState.swift */,
				E9328BB925BB2B250014DAE7 /* XibName.swift */,
			);
			path = Enums;
			sourceTree = "<group>";
		};
		E9328BE825BB333D0014DAE7 /* List */ = {
			isa = PBXGroup;
			children = (
				E9328BFB25BB3B9C0014DAE7 /* IndicatorViewCell.swift */,
				E9328BFC25BB3B9C0014DAE7 /* IndicatorViewCell.xib */,
			);
			path = List;
			sourceTree = "<group>";
		};
		E9431BD625BA4222006D5E1A = {
			isa = PBXGroup;
			children = (
				E9431BE125BA4222006D5E1A /* Finances */,
				E9431BFB25BA422E006D5E1A /* FinancesTests */,
				E9431C0625BA422E006D5E1A /* FinancesUITests */,
				E9431BE025BA4222006D5E1A /* Products */,
				A86D61E89258FFFD8347C09E /* Pods */,
				6035EF7B5D2BB683773E740F /* Frameworks */,
			);
			sourceTree = "<group>";
		};
		E9431BE025BA4222006D5E1A /* Products */ = {
			isa = PBXGroup;
			children = (
				E9431BDF25BA4222006D5E1A /* Finances.app */,
				E9431BF825BA422E006D5E1A /* FinancesTests.xctest */,
				E9431C0325BA422E006D5E1A /* FinancesUITests.xctest */,
			);
			name = Products;
			sourceTree = "<group>";
		};
		E9431BE125BA4222006D5E1A /* Finances */ = {
			isa = PBXGroup;
			children = (
				E9431C6C25BA7D51006D5E1A /* Application */,
				E9431CC125BA86EA006D5E1A /* Coordinators */,
				E9328BA425BB25680014DAE7 /* Enums */,
				E9431C7B25BA7DE2006D5E1A /* Extensions */,
				E9431C8025BA7E61006D5E1A /* DataPersistence */,
				E9431D2925BAA4B3006D5E1A /* Models */,
				E9431D9725BABDAC006D5E1A /* Networking */,
				E9431C8725BA7FF3006D5E1A /* Protocols */,
				E9431C7C25BA7E00006D5E1A /* Resources */,
				E9431C6D25BA7D6B006D5E1A /* Scenes */,
				E9431CD925BA933E006D5E1A /* Utils */,
				E9431C9525BA8146006D5E1A /* Views */,
			);
			path = Finances;
			sourceTree = "<group>";
		};
		E9431BFB25BA422E006D5E1A /* FinancesTests */ = {
			isa = PBXGroup;
			children = (
				E9431BFC25BA422E006D5E1A /* FinancesTests.swift */,
				E9431BFE25BA422E006D5E1A /* Info.plist */,
			);
			path = FinancesTests;
			sourceTree = "<group>";
		};
		E9431C0625BA422E006D5E1A /* FinancesUITests */ = {
			isa = PBXGroup;
			children = (
				E9431C0725BA422E006D5E1A /* FinancesUITests.swift */,
				E9431C0925BA422E006D5E1A /* Info.plist */,
			);
			path = FinancesUITests;
			sourceTree = "<group>";
		};
		E9431C6C25BA7D51006D5E1A /* Application */ = {
			isa = PBXGroup;
			children = (
				E9431BE225BA4222006D5E1A /* AppDelegate.swift */,
				E9431BE425BA4222006D5E1A /* SceneDelegate.swift */,
				E9431BF025BA422D006D5E1A /* LaunchScreen.storyboard */,
			);
			path = Application;
			sourceTree = "<group>";
		};
		E9431C6D25BA7D6B006D5E1A /* Scenes */ = {
			isa = PBXGroup;
			children = (
				E9431D7225BAB9D0006D5E1A /* Common */,
				E9194E6325BB4D5900B411A0 /* Detail */,
				E9431D4725BAB254006D5E1A /* List */,
				E9431C6E25BA7D74006D5E1A /* Login */,
			);
			path = Scenes;
			sourceTree = "<group>";
		};
		E9431C6E25BA7D74006D5E1A /* Login */ = {
			isa = PBXGroup;
			children = (
				E9431C7025BA7D93006D5E1A /* Login.xib */,
				E9431CE525BA9937006D5E1A /* LoginConfigurator.swift */,
				E9431C7625BA7D9F006D5E1A /* LoginViewModel.swift */,
				E9431CED25BA9A0E006D5E1A /* LoginViewModelDelegate.swift */,
				E9431C6F25BA7D93006D5E1A /* LoginViewController.swift */,
			);
			path = Login;
			sourceTree = "<group>";
		};
		E9431C7B25BA7DE2006D5E1A /* Extensions */ = {
			isa = PBXGroup;
			children = (
				E9431CA925BA8490006D5E1A /* UIColor+Brand.swift */,
				E9328C0C25BB3D7D0014DAE7 /* UITableView+RegistrationHelpers.swift */,
				E9431CB325BA84F0006D5E1A /* UITableView+RegisterCell.swift */,
				E9431CAE25BA84D0006D5E1A /* UITableViewCell+RegisterCell.swift */,
				E9431D0F25BA9CE4006D5E1A /* UIViewController+Alerts.swift */,
			);
			path = Extensions;
			sourceTree = "<group>";
		};
		E9431C7C25BA7E00006D5E1A /* Resources */ = {
			isa = PBXGroup;
			children = (
				E9431BEE25BA422D006D5E1A /* Assets.xcassets */,
				E9431CA125BA843E006D5E1A /* Colors.xcassets */,
				E9431BF325BA422D006D5E1A /* Info.plist */,
			);
			path = Resources;
			sourceTree = "<group>";
		};
		E9431C8025BA7E61006D5E1A /* DataPersistence */ = {
			isa = PBXGroup;
			children = (
				E9431BEB25BA4223006D5E1A /* Finances.xcdatamodeld */,
			);
			path = DataPersistence;
			sourceTree = "<group>";
		};
		E9431C8725BA7FF3006D5E1A /* Protocols */ = {
			isa = PBXGroup;
			children = (
				E9431C8825BA801C006D5E1A /* NibLoadableView.swift */,
				E9431C9025BA8037006D5E1A /* NibNameIdentifiable.swift */,
			);
			path = Protocols;
			sourceTree = "<group>";
		};
		E9431C9525BA8146006D5E1A /* Views */ = {
			isa = PBXGroup;
			children = (
				E9431CB825BA8539006D5E1A /* Common */,
				E9328BE825BB333D0014DAE7 /* List */,
				E9431C9625BA8157006D5E1A /* Login */,
			);
			path = Views;
			sourceTree = "<group>";
		};
		E9431C9625BA8157006D5E1A /* Login */ = {
			isa = PBXGroup;
			children = (
				E9431C9725BA8186006D5E1A /* InputWithIconView.swift */,
				E9431C9C25BA8191006D5E1A /* InputWithIconView.xib */,
			);
			path = Login;
			sourceTree = "<group>";
		};
		E9431CB825BA8539006D5E1A /* Common */ = {
			isa = PBXGroup;
			children = (
				E9431CB925BA8588006D5E1A /* CustomButton.swift */,
				E9328BE925BB33DE0014DAE7 /* GenericMessageStatusView.swift */,
				E9328BEE25BB33EC0014DAE7 /* GenericMessageStatusView.xib */,
			);
			path = Common;
			sourceTree = "<group>";
		};
		E9431CC125BA86EA006D5E1A /* Coordinators */ = {
			isa = PBXGroup;
			children = (
				E9194E8A25BB540400B411A0 /* List */,
				E9431D5225BAB516006D5E1A /* Login */,
				E9431CC225BA8753006D5E1A /* AppCoordinator.swift */,
			);
			path = Coordinators;
			sourceTree = "<group>";
		};
		E9431CD925BA933E006D5E1A /* Utils */ = {
			isa = PBXGroup;
			children = (
				E9431D1525BAA3E9006D5E1A /* Generics */,
				E9431D1425BAA3DB006D5E1A /* Managers */,
				E9431CF225BA9B07006D5E1A /* MVVM */,
			);
			path = Utils;
			sourceTree = "<group>";
		};
		E9431CF225BA9B07006D5E1A /* MVVM */ = {
			isa = PBXGroup;
			children = (
				E9431CF325BA9B24006D5E1A /* ViewModelProtocol.swift */,
				E9431CF825BA9B3E006D5E1A /* ViewModelDelegate.swift */,
			);
			path = MVVM;
			sourceTree = "<group>";
		};
		E9431D1425BAA3DB006D5E1A /* Managers */ = {
			isa = PBXGroup;
			children = (
				E9328BAE25BB25BF0014DAE7 /* ReachabilityManager.swift */,
				E98C912825BB6BD3006BF9EC /* SessionCDManager.swift */,
				E9431D1625BAA44F006D5E1A /* UserCDManager.swift */,
			);
			path = Managers;
			sourceTree = "<group>";
		};
		E9431D1525BAA3E9006D5E1A /* Generics */ = {
			isa = PBXGroup;
			children = (
				E9431CDA25BA9359006D5E1A /* LoadUI.swift */,
			);
			path = Generics;
			sourceTree = "<group>";
		};
		E9431D2925BAA4B3006D5E1A /* Models */ = {
			isa = PBXGroup;
			children = (
				E9431DA725BABEA9006D5E1A /* Error.swift */,
				E9431D8D25BABBA1006D5E1A /* Indicator.swift */,
				E9431D9225BABC4E006D5E1A /* IndicatorsResponse.swift */,
				E9328BF325BB346D0014DAE7 /* Message.swift */,
				E98C913025BB6C17006BF9EC /* SessionModel.swift */,
				E9431D2A25BAA4C0006D5E1A /* UserModel.swift */,
			);
			path = Models;
			sourceTree = "<group>";
		};
		E9431D4725BAB254006D5E1A /* List */ = {
			isa = PBXGroup;
			children = (
				E9431D4925BAB2AF006D5E1A /* List.xib */,
				E9431D6025BAB76F006D5E1A /* ListConfigurator.swift */,
				E9431D4825BAB2AF006D5E1A /* ListViewController.swift */,
				E9431D6525BAB80C006D5E1A /* ListViewModel.swift */,
				E9431D6D25BAB992006D5E1A /* ListViewModelDelegate.swift */,
			);
			path = List;
			sourceTree = "<group>";
		};
		E9431D5225BAB516006D5E1A /* Login */ = {
			isa = PBXGroup;
			children = (
				E9431D5325BAB525006D5E1A /* LoginCoordinator.swift */,
				E9431D5B25BAB530006D5E1A /* LoginCoordinatorProtocol.swift */,
			);
			path = Login;
			sourceTree = "<group>";
		};
		E9431D7225BAB9D0006D5E1A /* Common */ = {
			isa = PBXGroup;
			children = (
			);
			path = Common;
			sourceTree = "<group>";
		};
		E9431D9725BABDAC006D5E1A /* Networking */ = {
			isa = PBXGroup;
			children = (
				E9431D9825BABDB8006D5E1A /* API */,
				E9431D9925BABDBD006D5E1A /* Services */,
			);
			path = Networking;
			sourceTree = "<group>";
		};
		E9431D9825BABDB8006D5E1A /* API */ = {
			isa = PBXGroup;
			children = (
				E9431D9A25BABDD7006D5E1A /* APIManager.swift */,
			);
			path = API;
			sourceTree = "<group>";
		};
		E9431D9925BABDBD006D5E1A /* Services */ = {
			isa = PBXGroup;
			children = (
				E9431DAF25BABEEC006D5E1A /* IndicatorsService.swift */,
				E9431DA225BABE57006D5E1A /* RequestService.swift */,
			);
			path = Services;
			sourceTree = "<group>";
		};
/* End PBXGroup section */

/* Begin PBXNativeTarget section */
		E9431BDE25BA4222006D5E1A /* Finances */ = {
			isa = PBXNativeTarget;
			buildConfigurationList = E9431C0C25BA422E006D5E1A /* Build configuration list for PBXNativeTarget "Finances" */;
			buildPhases = (
				60B3A9AF27C7C5F3C71E3E1B /* [CP] Check Pods Manifest.lock */,
				E9431BDB25BA4222006D5E1A /* Sources */,
				E9431BDC25BA4222006D5E1A /* Frameworks */,
				E9431BDD25BA4222006D5E1A /* Resources */,
				5A6B6F0B74D2589D004FAAEB /* [CP] Embed Pods Frameworks */,
				E9431C6825BA7CEE006D5E1A /* Run Script - Swiftlint */,
			);
			buildRules = (
			);
			dependencies = (
			);
			name = Finances;
			productName = Finances;
			productReference = E9431BDF25BA4222006D5E1A /* Finances.app */;
			productType = "com.apple.product-type.application";
		};
		E9431BF725BA422E006D5E1A /* FinancesTests */ = {
			isa = PBXNativeTarget;
			buildConfigurationList = E9431C0F25BA422E006D5E1A /* Build configuration list for PBXNativeTarget "FinancesTests" */;
			buildPhases = (
				D07A881495005E00C3E845F4 /* [CP] Check Pods Manifest.lock */,
				E9431BF425BA422E006D5E1A /* Sources */,
				E9431BF525BA422E006D5E1A /* Frameworks */,
				E9431BF625BA422E006D5E1A /* Resources */,
			);
			buildRules = (
			);
			dependencies = (
				E9431BFA25BA422E006D5E1A /* PBXTargetDependency */,
			);
			name = FinancesTests;
			productName = FinancesTests;
			productReference = E9431BF825BA422E006D5E1A /* FinancesTests.xctest */;
			productType = "com.apple.product-type.bundle.unit-test";
		};
		E9431C0225BA422E006D5E1A /* FinancesUITests */ = {
			isa = PBXNativeTarget;
			buildConfigurationList = E9431C1225BA422E006D5E1A /* Build configuration list for PBXNativeTarget "FinancesUITests" */;
			buildPhases = (
				240E449A5E9422BE327B94D3 /* [CP] Check Pods Manifest.lock */,
				E9431BFF25BA422E006D5E1A /* Sources */,
				E9431C0025BA422E006D5E1A /* Frameworks */,
				E9431C0125BA422E006D5E1A /* Resources */,
				C2CFE3AEAE5AB79EDC6AEFF2 /* [CP] Embed Pods Frameworks */,
			);
			buildRules = (
			);
			dependencies = (
				E9431C0525BA422E006D5E1A /* PBXTargetDependency */,
			);
			name = FinancesUITests;
			productName = FinancesUITests;
			productReference = E9431C0325BA422E006D5E1A /* FinancesUITests.xctest */;
			productType = "com.apple.product-type.bundle.ui-testing";
		};
/* End PBXNativeTarget section */

/* Begin PBXProject section */
		E9431BD725BA4222006D5E1A /* Project object */ = {
			isa = PBXProject;
			attributes = {
				LastSwiftUpdateCheck = 1230;
				LastUpgradeCheck = 1230;
				TargetAttributes = {
					E9431BDE25BA4222006D5E1A = {
						CreatedOnToolsVersion = 12.3;
					};
					E9431BF725BA422E006D5E1A = {
						CreatedOnToolsVersion = 12.3;
						TestTargetID = E9431BDE25BA4222006D5E1A;
					};
					E9431C0225BA422E006D5E1A = {
						CreatedOnToolsVersion = 12.3;
						TestTargetID = E9431BDE25BA4222006D5E1A;
					};
				};
			};
			buildConfigurationList = E9431BDA25BA4222006D5E1A /* Build configuration list for PBXProject "Finances" */;
			compatibilityVersion = "Xcode 9.3";
			developmentRegion = en;
			hasScannedForEncodings = 0;
			knownRegions = (
				en,
				Base,
			);
			mainGroup = E9431BD625BA4222006D5E1A;
			productRefGroup = E9431BE025BA4222006D5E1A /* Products */;
			projectDirPath = "";
			projectRoot = "";
			targets = (
				E9431BDE25BA4222006D5E1A /* Finances */,
				E9431BF725BA422E006D5E1A /* FinancesTests */,
				E9431C0225BA422E006D5E1A /* FinancesUITests */,
			);
		};
/* End PBXProject section */

/* Begin PBXResourcesBuildPhase section */
		E9431BDD25BA4222006D5E1A /* Resources */ = {
			isa = PBXResourcesBuildPhase;
			buildActionMask = 2147483647;
			files = (
				E9431C7225BA7D93006D5E1A /* Login.xib in Resources */,
				E9431BF225BA422D006D5E1A /* LaunchScreen.storyboard in Resources */,
				E9194E6725BB4D8600B411A0 /* DetailIndicator.xib in Resources */,
				E9431D4B25BAB2AF006D5E1A /* List.xib in Resources */,
				E9328BEF25BB33EC0014DAE7 /* GenericMessageStatusView.xib in Resources */,
				E9431C9D25BA8191006D5E1A /* InputWithIconView.xib in Resources */,
				E9431CA225BA843E006D5E1A /* Colors.xcassets in Resources */,
				E9328BFE25BB3B9C0014DAE7 /* IndicatorViewCell.xib in Resources */,
				E9431BEF25BA422D006D5E1A /* Assets.xcassets in Resources */,
			);
			runOnlyForDeploymentPostprocessing = 0;
		};
		E9431BF625BA422E006D5E1A /* Resources */ = {
			isa = PBXResourcesBuildPhase;
			buildActionMask = 2147483647;
			files = (
			);
			runOnlyForDeploymentPostprocessing = 0;
		};
		E9431C0125BA422E006D5E1A /* Resources */ = {
			isa = PBXResourcesBuildPhase;
			buildActionMask = 2147483647;
			files = (
			);
			runOnlyForDeploymentPostprocessing = 0;
		};
/* End PBXResourcesBuildPhase section */

/* Begin PBXShellScriptBuildPhase section */
		240E449A5E9422BE327B94D3 /* [CP] Check Pods Manifest.lock */ = {
			isa = PBXShellScriptBuildPhase;
			buildActionMask = 2147483647;
			files = (
			);
			inputFileListPaths = (
			);
			inputPaths = (
				"${PODS_PODFILE_DIR_PATH}/Podfile.lock",
				"${PODS_ROOT}/Manifest.lock",
			);
			name = "[CP] Check Pods Manifest.lock";
			outputFileListPaths = (
			);
			outputPaths = (
				"$(DERIVED_FILE_DIR)/Pods-Finances-FinancesUITests-checkManifestLockResult.txt",
			);
			runOnlyForDeploymentPostprocessing = 0;
			shellPath = /bin/sh;
			shellScript = "diff \"${PODS_PODFILE_DIR_PATH}/Podfile.lock\" \"${PODS_ROOT}/Manifest.lock\" > /dev/null\nif [ $? != 0 ] ; then\n    # print error to STDERR\n    echo \"error: The sandbox is not in sync with the Podfile.lock. Run 'pod install' or update your CocoaPods installation.\" >&2\n    exit 1\nfi\n# This output is used by Xcode 'outputs' to avoid re-running this script phase.\necho \"SUCCESS\" > \"${SCRIPT_OUTPUT_FILE_0}\"\n";
			showEnvVarsInLog = 0;
		};
		5A6B6F0B74D2589D004FAAEB /* [CP] Embed Pods Frameworks */ = {
			isa = PBXShellScriptBuildPhase;
			buildActionMask = 2147483647;
			files = (
			);
			inputFileListPaths = (
				"${PODS_ROOT}/Target Support Files/Pods-Finances/Pods-Finances-frameworks-${CONFIGURATION}-input-files.xcfilelist",
			);
			name = "[CP] Embed Pods Frameworks";
			outputFileListPaths = (
				"${PODS_ROOT}/Target Support Files/Pods-Finances/Pods-Finances-frameworks-${CONFIGURATION}-output-files.xcfilelist",
			);
			runOnlyForDeploymentPostprocessing = 0;
			shellPath = /bin/sh;
			shellScript = "\"${PODS_ROOT}/Target Support Files/Pods-Finances/Pods-Finances-frameworks.sh\"\n";
			showEnvVarsInLog = 0;
		};
		60B3A9AF27C7C5F3C71E3E1B /* [CP] Check Pods Manifest.lock */ = {
			isa = PBXShellScriptBuildPhase;
			buildActionMask = 2147483647;
			files = (
			);
			inputFileListPaths = (
			);
			inputPaths = (
				"${PODS_PODFILE_DIR_PATH}/Podfile.lock",
				"${PODS_ROOT}/Manifest.lock",
			);
			name = "[CP] Check Pods Manifest.lock";
			outputFileListPaths = (
			);
			outputPaths = (
				"$(DERIVED_FILE_DIR)/Pods-Finances-checkManifestLockResult.txt",
			);
			runOnlyForDeploymentPostprocessing = 0;
			shellPath = /bin/sh;
			shellScript = "diff \"${PODS_PODFILE_DIR_PATH}/Podfile.lock\" \"${PODS_ROOT}/Manifest.lock\" > /dev/null\nif [ $? != 0 ] ; then\n    # print error to STDERR\n    echo \"error: The sandbox is not in sync with the Podfile.lock. Run 'pod install' or update your CocoaPods installation.\" >&2\n    exit 1\nfi\n# This output is used by Xcode 'outputs' to avoid re-running this script phase.\necho \"SUCCESS\" > \"${SCRIPT_OUTPUT_FILE_0}\"\n";
			showEnvVarsInLog = 0;
		};
		C2CFE3AEAE5AB79EDC6AEFF2 /* [CP] Embed Pods Frameworks */ = {
			isa = PBXShellScriptBuildPhase;
			buildActionMask = 2147483647;
			files = (
			);
			inputFileListPaths = (
				"${PODS_ROOT}/Target Support Files/Pods-Finances-FinancesUITests/Pods-Finances-FinancesUITests-frameworks-${CONFIGURATION}-input-files.xcfilelist",
			);
			name = "[CP] Embed Pods Frameworks";
			outputFileListPaths = (
				"${PODS_ROOT}/Target Support Files/Pods-Finances-FinancesUITests/Pods-Finances-FinancesUITests-frameworks-${CONFIGURATION}-output-files.xcfilelist",
			);
			runOnlyForDeploymentPostprocessing = 0;
			shellPath = /bin/sh;
			shellScript = "\"${PODS_ROOT}/Target Support Files/Pods-Finances-FinancesUITests/Pods-Finances-FinancesUITests-frameworks.sh\"\n";
			showEnvVarsInLog = 0;
		};
		D07A881495005E00C3E845F4 /* [CP] Check Pods Manifest.lock */ = {
			isa = PBXShellScriptBuildPhase;
			buildActionMask = 2147483647;
			files = (
			);
			inputFileListPaths = (
			);
			inputPaths = (
				"${PODS_PODFILE_DIR_PATH}/Podfile.lock",
				"${PODS_ROOT}/Manifest.lock",
			);
			name = "[CP] Check Pods Manifest.lock";
			outputFileListPaths = (
			);
			outputPaths = (
				"$(DERIVED_FILE_DIR)/Pods-FinancesTests-checkManifestLockResult.txt",
			);
			runOnlyForDeploymentPostprocessing = 0;
			shellPath = /bin/sh;
			shellScript = "diff \"${PODS_PODFILE_DIR_PATH}/Podfile.lock\" \"${PODS_ROOT}/Manifest.lock\" > /dev/null\nif [ $? != 0 ] ; then\n    # print error to STDERR\n    echo \"error: The sandbox is not in sync with the Podfile.lock. Run 'pod install' or update your CocoaPods installation.\" >&2\n    exit 1\nfi\n# This output is used by Xcode 'outputs' to avoid re-running this script phase.\necho \"SUCCESS\" > \"${SCRIPT_OUTPUT_FILE_0}\"\n";
			showEnvVarsInLog = 0;
		};
		E9431C6825BA7CEE006D5E1A /* Run Script - Swiftlint */ = {
			isa = PBXShellScriptBuildPhase;
			buildActionMask = 2147483647;
			files = (
			);
			inputFileListPaths = (
			);
			inputPaths = (
			);
			name = "Run Script - Swiftlint";
			outputFileListPaths = (
			);
			outputPaths = (
			);
			runOnlyForDeploymentPostprocessing = 0;
			shellPath = /bin/sh;
			shellScript = "podSwiftlint=\"${PODS_ROOT}/SwiftLint/swiftlint\"\n\nif [ -f \"$podSwiftlint\" ]; then\n    $podSwiftlint\nelse\n    echo \"'warning: Cannot find SwiftLint in the expected Cocoapods location.\"\nfi\n\n";
		};
/* End PBXShellScriptBuildPhase section */

/* Begin PBXSourcesBuildPhase section */
		E9431BDB25BA4222006D5E1A /* Sources */ = {
			isa = PBXSourcesBuildPhase;
			buildActionMask = 2147483647;
			files = (
				E9431D5C25BAB530006D5E1A /* LoginCoordinatorProtocol.swift in Sources */,
				E9431CBA25BA8588006D5E1A /* CustomButton.swift in Sources */,
				E9431D9325BABC4E006D5E1A /* IndicatorsResponse.swift in Sources */,
				E9431BED25BA4223006D5E1A /* Finances.xcdatamodeld in Sources */,
				E9194E7925BB501500B411A0 /* DetailIndicatorConfigurator.swift in Sources */,
				E9194E7425BB4FF600B411A0 /* DetailIndicatorViewModelDelegate.swift in Sources */,
				E9328BEA25BB33DE0014DAE7 /* GenericMessageStatusView.swift in Sources */,
				E9328BAF25BB25BF0014DAE7 /* ReachabilityManager.swift in Sources */,
				E9431CAF25BA84D0006D5E1A /* UITableViewCell+RegisterCell.swift in Sources */,
				E9431CE625BA9937006D5E1A /* LoginConfigurator.swift in Sources */,
				E9431CDB25BA9359006D5E1A /* LoadUI.swift in Sources */,
				E9328BF425BB346D0014DAE7 /* Message.swift in Sources */,
				E9431D1725BAA44F006D5E1A /* UserCDManager.swift in Sources */,
				E9431C8925BA801C006D5E1A /* NibLoadableView.swift in Sources */,
				E9431DA325BABE57006D5E1A /* RequestService.swift in Sources */,
				E9431D1025BA9CE4006D5E1A /* UIViewController+Alerts.swift in Sources */,
				E9431D6E25BAB992006D5E1A /* ListViewModelDelegate.swift in Sources */,
				E9431D8E25BABBA1006D5E1A /* Indicator.swift in Sources */,
				E9194E6F25BB4FE400B411A0 /* DetailIndicatorViewModel .swift in Sources */,
				E9431CAA25BA8490006D5E1A /* UIColor+Brand.swift in Sources */,
				E9431CEE25BA9A0E006D5E1A /* LoginViewModelDelegate.swift in Sources */,
				E9328BFD25BB3B9C0014DAE7 /* IndicatorViewCell.swift in Sources */,
				E9328C0D25BB3D7D0014DAE7 /* UITableView+RegistrationHelpers.swift in Sources */,
				E98C912925BB6BD3006BF9EC /* SessionCDManager.swift in Sources */,
				E9431CC325BA8753006D5E1A /* AppCoordinator.swift in Sources */,
				E9194E6625BB4D8600B411A0 /* DetailIndicatorViewController.swift in Sources */,
				E9431C7725BA7D9F006D5E1A /* LoginViewModel.swift in Sources */,
				E9431D7425BAB9F0006D5E1A /* ViewModelState.swift in Sources */,
				E9431CB425BA84F0006D5E1A /* UITableView+RegisterCell.swift in Sources */,
				E9431D6125BAB76F006D5E1A /* ListConfigurator.swift in Sources */,
				E9431BE325BA4222006D5E1A /* AppDelegate.swift in Sources */,
				E9194E9125BB541E00B411A0 /* ListCoordinatorProtocol.swift in Sources */,
				E9328BA625BB25780014DAE7 /* ConnectionStatus.swift in Sources */,
				E9431C7125BA7D93006D5E1A /* LoginViewController.swift in Sources */,
				E9431CF925BA9B3E006D5E1A /* ViewModelDelegate.swift in Sources */,
				E9431D4A25BAB2AF006D5E1A /* ListViewController.swift in Sources */,
				E9431D5425BAB525006D5E1A /* LoginCoordinator.swift in Sources */,
				E9431DA825BABEA9006D5E1A /* Error.swift in Sources */,
				E9431C9125BA8037006D5E1A /* NibNameIdentifiable.swift in Sources */,
				E9328BBA25BB2B250014DAE7 /* XibName.swift in Sources */,
				E9194E8C25BB541300B411A0 /* ListCoordinator.swift in Sources */,
				E9431C9825BA8186006D5E1A /* InputWithIconView.swift in Sources */,
				E9431D6625BAB80C006D5E1A /* ListViewModel.swift in Sources */,
				E9431DB025BABEEC006D5E1A /* IndicatorsService.swift in Sources */,
				E9431CF425BA9B24006D5E1A /* ViewModelProtocol.swift in Sources */,
				E9431BE525BA4222006D5E1A /* SceneDelegate.swift in Sources */,
				E9431D9B25BABDD7006D5E1A /* APIManager.swift in Sources */,
				E98C913125BB6C17006BF9EC /* SessionModel.swift in Sources */,
				E9431D2B25BAA4C0006D5E1A /* UserModel.swift in Sources */,
			);
			runOnlyForDeploymentPostprocessing = 0;
		};
		E9431BF425BA422E006D5E1A /* Sources */ = {
			isa = PBXSourcesBuildPhase;
			buildActionMask = 2147483647;
			files = (
				E9431BFD25BA422E006D5E1A /* FinancesTests.swift in Sources */,
			);
			runOnlyForDeploymentPostprocessing = 0;
		};
		E9431BFF25BA422E006D5E1A /* Sources */ = {
			isa = PBXSourcesBuildPhase;
			buildActionMask = 2147483647;
			files = (
				E9431C0825BA422E006D5E1A /* FinancesUITests.swift in Sources */,
			);
			runOnlyForDeploymentPostprocessing = 0;
		};
/* End PBXSourcesBuildPhase section */

/* Begin PBXTargetDependency section */
		E9431BFA25BA422E006D5E1A /* PBXTargetDependency */ = {
			isa = PBXTargetDependency;
			target = E9431BDE25BA4222006D5E1A /* Finances */;
			targetProxy = E9431BF925BA422E006D5E1A /* PBXContainerItemProxy */;
		};
		E9431C0525BA422E006D5E1A /* PBXTargetDependency */ = {
			isa = PBXTargetDependency;
			target = E9431BDE25BA4222006D5E1A /* Finances */;
			targetProxy = E9431C0425BA422E006D5E1A /* PBXContainerItemProxy */;
		};
/* End PBXTargetDependency section */

/* Begin PBXVariantGroup section */
		E9431BF025BA422D006D5E1A /* LaunchScreen.storyboard */ = {
			isa = PBXVariantGroup;
			children = (
				E9431BF125BA422D006D5E1A /* Base */,
			);
			name = LaunchScreen.storyboard;
			sourceTree = "<group>";
		};
/* End PBXVariantGroup section */

/* Begin XCBuildConfiguration section */
		E9431C0A25BA422E006D5E1A /* Debug */ = {
			isa = XCBuildConfiguration;
			buildSettings = {
				ALWAYS_SEARCH_USER_PATHS = NO;
				CLANG_ANALYZER_NONNULL = YES;
				CLANG_ANALYZER_NUMBER_OBJECT_CONVERSION = YES_AGGRESSIVE;
				CLANG_CXX_LANGUAGE_STANDARD = "gnu++14";
				CLANG_CXX_LIBRARY = "libc++";
				CLANG_ENABLE_MODULES = YES;
				CLANG_ENABLE_OBJC_ARC = YES;
				CLANG_ENABLE_OBJC_WEAK = YES;
				CLANG_WARN_BLOCK_CAPTURE_AUTORELEASING = YES;
				CLANG_WARN_BOOL_CONVERSION = YES;
				CLANG_WARN_COMMA = YES;
				CLANG_WARN_CONSTANT_CONVERSION = YES;
				CLANG_WARN_DEPRECATED_OBJC_IMPLEMENTATIONS = YES;
				CLANG_WARN_DIRECT_OBJC_ISA_USAGE = YES_ERROR;
				CLANG_WARN_DOCUMENTATION_COMMENTS = YES;
				CLANG_WARN_EMPTY_BODY = YES;
				CLANG_WARN_ENUM_CONVERSION = YES;
				CLANG_WARN_INFINITE_RECURSION = YES;
				CLANG_WARN_INT_CONVERSION = YES;
				CLANG_WARN_NON_LITERAL_NULL_CONVERSION = YES;
				CLANG_WARN_OBJC_IMPLICIT_RETAIN_SELF = YES;
				CLANG_WARN_OBJC_LITERAL_CONVERSION = YES;
				CLANG_WARN_OBJC_ROOT_CLASS = YES_ERROR;
				CLANG_WARN_QUOTED_INCLUDE_IN_FRAMEWORK_HEADER = YES;
				CLANG_WARN_RANGE_LOOP_ANALYSIS = YES;
				CLANG_WARN_STRICT_PROTOTYPES = YES;
				CLANG_WARN_SUSPICIOUS_MOVE = YES;
				CLANG_WARN_UNGUARDED_AVAILABILITY = YES_AGGRESSIVE;
				CLANG_WARN_UNREACHABLE_CODE = YES;
				CLANG_WARN__DUPLICATE_METHOD_MATCH = YES;
				COPY_PHASE_STRIP = NO;
				DEBUG_INFORMATION_FORMAT = dwarf;
				ENABLE_STRICT_OBJC_MSGSEND = YES;
				ENABLE_TESTABILITY = YES;
				GCC_C_LANGUAGE_STANDARD = gnu11;
				GCC_DYNAMIC_NO_PIC = NO;
				GCC_NO_COMMON_BLOCKS = YES;
				GCC_OPTIMIZATION_LEVEL = 0;
				GCC_PREPROCESSOR_DEFINITIONS = (
					"DEBUG=1",
					"$(inherited)",
				);
				GCC_WARN_64_TO_32_BIT_CONVERSION = YES;
				GCC_WARN_ABOUT_RETURN_TYPE = YES_ERROR;
				GCC_WARN_UNDECLARED_SELECTOR = YES;
				GCC_WARN_UNINITIALIZED_AUTOS = YES_AGGRESSIVE;
				GCC_WARN_UNUSED_FUNCTION = YES;
				GCC_WARN_UNUSED_VARIABLE = YES;
				IPHONEOS_DEPLOYMENT_TARGET = 14.3;
				MTL_ENABLE_DEBUG_INFO = INCLUDE_SOURCE;
				MTL_FAST_MATH = YES;
				ONLY_ACTIVE_ARCH = YES;
				SDKROOT = iphoneos;
				SWIFT_ACTIVE_COMPILATION_CONDITIONS = DEBUG;
				SWIFT_OPTIMIZATION_LEVEL = "-Onone";
			};
			name = Debug;
		};
		E9431C0B25BA422E006D5E1A /* Release */ = {
			isa = XCBuildConfiguration;
			buildSettings = {
				ALWAYS_SEARCH_USER_PATHS = NO;
				CLANG_ANALYZER_NONNULL = YES;
				CLANG_ANALYZER_NUMBER_OBJECT_CONVERSION = YES_AGGRESSIVE;
				CLANG_CXX_LANGUAGE_STANDARD = "gnu++14";
				CLANG_CXX_LIBRARY = "libc++";
				CLANG_ENABLE_MODULES = YES;
				CLANG_ENABLE_OBJC_ARC = YES;
				CLANG_ENABLE_OBJC_WEAK = YES;
				CLANG_WARN_BLOCK_CAPTURE_AUTORELEASING = YES;
				CLANG_WARN_BOOL_CONVERSION = YES;
				CLANG_WARN_COMMA = YES;
				CLANG_WARN_CONSTANT_CONVERSION = YES;
				CLANG_WARN_DEPRECATED_OBJC_IMPLEMENTATIONS = YES;
				CLANG_WARN_DIRECT_OBJC_ISA_USAGE = YES_ERROR;
				CLANG_WARN_DOCUMENTATION_COMMENTS = YES;
				CLANG_WARN_EMPTY_BODY = YES;
				CLANG_WARN_ENUM_CONVERSION = YES;
				CLANG_WARN_INFINITE_RECURSION = YES;
				CLANG_WARN_INT_CONVERSION = YES;
				CLANG_WARN_NON_LITERAL_NULL_CONVERSION = YES;
				CLANG_WARN_OBJC_IMPLICIT_RETAIN_SELF = YES;
				CLANG_WARN_OBJC_LITERAL_CONVERSION = YES;
				CLANG_WARN_OBJC_ROOT_CLASS = YES_ERROR;
				CLANG_WARN_QUOTED_INCLUDE_IN_FRAMEWORK_HEADER = YES;
				CLANG_WARN_RANGE_LOOP_ANALYSIS = YES;
				CLANG_WARN_STRICT_PROTOTYPES = YES;
				CLANG_WARN_SUSPICIOUS_MOVE = YES;
				CLANG_WARN_UNGUARDED_AVAILABILITY = YES_AGGRESSIVE;
				CLANG_WARN_UNREACHABLE_CODE = YES;
				CLANG_WARN__DUPLICATE_METHOD_MATCH = YES;
				COPY_PHASE_STRIP = NO;
				DEBUG_INFORMATION_FORMAT = "dwarf-with-dsym";
				ENABLE_NS_ASSERTIONS = NO;
				ENABLE_STRICT_OBJC_MSGSEND = YES;
				GCC_C_LANGUAGE_STANDARD = gnu11;
				GCC_NO_COMMON_BLOCKS = YES;
				GCC_WARN_64_TO_32_BIT_CONVERSION = YES;
				GCC_WARN_ABOUT_RETURN_TYPE = YES_ERROR;
				GCC_WARN_UNDECLARED_SELECTOR = YES;
				GCC_WARN_UNINITIALIZED_AUTOS = YES_AGGRESSIVE;
				GCC_WARN_UNUSED_FUNCTION = YES;
				GCC_WARN_UNUSED_VARIABLE = YES;
				IPHONEOS_DEPLOYMENT_TARGET = 14.3;
				MTL_ENABLE_DEBUG_INFO = NO;
				MTL_FAST_MATH = YES;
				SDKROOT = iphoneos;
				SWIFT_COMPILATION_MODE = wholemodule;
				SWIFT_OPTIMIZATION_LEVEL = "-O";
				VALIDATE_PRODUCT = YES;
			};
			name = Release;
		};
		E9431C0D25BA422E006D5E1A /* Debug */ = {
			isa = XCBuildConfiguration;
			baseConfigurationReference = 35A6EDF028ED151464C37943 /* Pods-Finances.debug.xcconfig */;
			buildSettings = {
				ASSETCATALOG_COMPILER_APPICON_NAME = AppIcon;
				ASSETCATALOG_COMPILER_GLOBAL_ACCENT_COLOR_NAME = AccentColor;
				CODE_SIGN_STYLE = Automatic;
				DEVELOPMENT_TEAM = 56HKER56MM;
				INFOPLIST_FILE = Finances/Resources/Info.plist;
				IPHONEOS_DEPLOYMENT_TARGET = 13.0;
				LD_RUNPATH_SEARCH_PATHS = (
					"$(inherited)",
					"@executable_path/Frameworks",
				);
				PRODUCT_BUNDLE_IDENTIFIER = com.teamMobile.Finances;
				PRODUCT_NAME = "$(TARGET_NAME)";
				SWIFT_VERSION = 5.0;
				TARGETED_DEVICE_FAMILY = "1,2";
			};
			name = Debug;
		};
		E9431C0E25BA422E006D5E1A /* Release */ = {
			isa = XCBuildConfiguration;
			baseConfigurationReference = B702396FAF8211AE0C6D3B64 /* Pods-Finances.release.xcconfig */;
			buildSettings = {
				ASSETCATALOG_COMPILER_APPICON_NAME = AppIcon;
				ASSETCATALOG_COMPILER_GLOBAL_ACCENT_COLOR_NAME = AccentColor;
				CODE_SIGN_STYLE = Automatic;
				DEVELOPMENT_TEAM = 56HKER56MM;
				INFOPLIST_FILE = Finances/Resources/Info.plist;
				IPHONEOS_DEPLOYMENT_TARGET = 13.0;
				LD_RUNPATH_SEARCH_PATHS = (
					"$(inherited)",
					"@executable_path/Frameworks",
				);
				PRODUCT_BUNDLE_IDENTIFIER = com.teamMobile.Finances;
				PRODUCT_NAME = "$(TARGET_NAME)";
				SWIFT_VERSION = 5.0;
				TARGETED_DEVICE_FAMILY = "1,2";
			};
			name = Release;
		};
		E9431C1025BA422E006D5E1A /* Debug */ = {
			isa = XCBuildConfiguration;
			baseConfigurationReference = 1B04913BFD115862395AACD1 /* Pods-FinancesTests.debug.xcconfig */;
			buildSettings = {
				ALWAYS_EMBED_SWIFT_STANDARD_LIBRARIES = YES;
				BUNDLE_LOADER = "$(TEST_HOST)";
				CODE_SIGN_STYLE = Automatic;
				DEVELOPMENT_TEAM = 56HKER56MM;
				INFOPLIST_FILE = FinancesTests/Info.plist;
				IPHONEOS_DEPLOYMENT_TARGET = 14.3;
				LD_RUNPATH_SEARCH_PATHS = (
					"$(inherited)",
					"@executable_path/Frameworks",
					"@loader_path/Frameworks",
				);
				PRODUCT_BUNDLE_IDENTIFIER = com.teamMobile.FinancesTests;
				PRODUCT_NAME = "$(TARGET_NAME)";
				SWIFT_VERSION = 5.0;
				TARGETED_DEVICE_FAMILY = "1,2";
				TEST_HOST = "$(BUILT_PRODUCTS_DIR)/Finances.app/Finances";
			};
			name = Debug;
		};
		E9431C1125BA422E006D5E1A /* Release */ = {
			isa = XCBuildConfiguration;
			baseConfigurationReference = 359BB2330653464CC47EC52E /* Pods-FinancesTests.release.xcconfig */;
			buildSettings = {
				ALWAYS_EMBED_SWIFT_STANDARD_LIBRARIES = YES;
				BUNDLE_LOADER = "$(TEST_HOST)";
				CODE_SIGN_STYLE = Automatic;
				DEVELOPMENT_TEAM = 56HKER56MM;
				INFOPLIST_FILE = FinancesTests/Info.plist;
				IPHONEOS_DEPLOYMENT_TARGET = 14.3;
				LD_RUNPATH_SEARCH_PATHS = (
					"$(inherited)",
					"@executable_path/Frameworks",
					"@loader_path/Frameworks",
				);
				PRODUCT_BUNDLE_IDENTIFIER = com.teamMobile.FinancesTests;
				PRODUCT_NAME = "$(TARGET_NAME)";
				SWIFT_VERSION = 5.0;
				TARGETED_DEVICE_FAMILY = "1,2";
				TEST_HOST = "$(BUILT_PRODUCTS_DIR)/Finances.app/Finances";
			};
			name = Release;
		};
		E9431C1325BA422E006D5E1A /* Debug */ = {
			isa = XCBuildConfiguration;
			baseConfigurationReference = EEA038403FD9BECE90472C90 /* Pods-Finances-FinancesUITests.debug.xcconfig */;
			buildSettings = {
				ALWAYS_EMBED_SWIFT_STANDARD_LIBRARIES = YES;
				CODE_SIGN_STYLE = Automatic;
				DEVELOPMENT_TEAM = 56HKER56MM;
				INFOPLIST_FILE = FinancesUITests/Info.plist;
				LD_RUNPATH_SEARCH_PATHS = (
					"$(inherited)",
					"@executable_path/Frameworks",
					"@loader_path/Frameworks",
				);
				PRODUCT_BUNDLE_IDENTIFIER = com.teamMobile.FinancesUITests;
				PRODUCT_NAME = "$(TARGET_NAME)";
				SWIFT_VERSION = 5.0;
				TARGETED_DEVICE_FAMILY = "1,2";
				TEST_TARGET_NAME = Finances;
			};
			name = Debug;
		};
		E9431C1425BA422E006D5E1A /* Release */ = {
			isa = XCBuildConfiguration;
			baseConfigurationReference = 8396E955AFE9D838F39BE642 /* Pods-Finances-FinancesUITests.release.xcconfig */;
			buildSettings = {
				ALWAYS_EMBED_SWIFT_STANDARD_LIBRARIES = YES;
				CODE_SIGN_STYLE = Automatic;
				DEVELOPMENT_TEAM = 56HKER56MM;
				INFOPLIST_FILE = FinancesUITests/Info.plist;
				LD_RUNPATH_SEARCH_PATHS = (
					"$(inherited)",
					"@executable_path/Frameworks",
					"@loader_path/Frameworks",
				);
				PRODUCT_BUNDLE_IDENTIFIER = com.teamMobile.FinancesUITests;
				PRODUCT_NAME = "$(TARGET_NAME)";
				SWIFT_VERSION = 5.0;
				TARGETED_DEVICE_FAMILY = "1,2";
				TEST_TARGET_NAME = Finances;
			};
			name = Release;
		};
/* End XCBuildConfiguration section */

/* Begin XCConfigurationList section */
		E9431BDA25BA4222006D5E1A /* Build configuration list for PBXProject "Finances" */ = {
			isa = XCConfigurationList;
			buildConfigurations = (
				E9431C0A25BA422E006D5E1A /* Debug */,
				E9431C0B25BA422E006D5E1A /* Release */,
			);
			defaultConfigurationIsVisible = 0;
			defaultConfigurationName = Release;
		};
		E9431C0C25BA422E006D5E1A /* Build configuration list for PBXNativeTarget "Finances" */ = {
			isa = XCConfigurationList;
			buildConfigurations = (
				E9431C0D25BA422E006D5E1A /* Debug */,
				E9431C0E25BA422E006D5E1A /* Release */,
			);
			defaultConfigurationIsVisible = 0;
			defaultConfigurationName = Release;
		};
		E9431C0F25BA422E006D5E1A /* Build configuration list for PBXNativeTarget "FinancesTests" */ = {
			isa = XCConfigurationList;
			buildConfigurations = (
				E9431C1025BA422E006D5E1A /* Debug */,
				E9431C1125BA422E006D5E1A /* Release */,
			);
			defaultConfigurationIsVisible = 0;
			defaultConfigurationName = Release;
		};
		E9431C1225BA422E006D5E1A /* Build configuration list for PBXNativeTarget "FinancesUITests" */ = {
			isa = XCConfigurationList;
			buildConfigurations = (
				E9431C1325BA422E006D5E1A /* Debug */,
				E9431C1425BA422E006D5E1A /* Release */,
			);
			defaultConfigurationIsVisible = 0;
			defaultConfigurationName = Release;
		};
/* End XCConfigurationList section */

/* Begin XCVersionGroup section */
		E9431BEB25BA4223006D5E1A /* Finances.xcdatamodeld */ = {
			isa = XCVersionGroup;
			children = (
				E9431BEC25BA4223006D5E1A /* Finances.xcdatamodel */,
			);
			currentVersion = E9431BEC25BA4223006D5E1A /* Finances.xcdatamodel */;
			path = Finances.xcdatamodeld;
			sourceTree = "<group>";
			versionGroupType = wrapper.xcdatamodel;
		};
/* End XCVersionGroup section */
	};
	rootObject = E9431BD725BA4222006D5E1A /* Project object */;
}
